
Microsoft Visual Studio Solution File, Format Version 12.00
# Visual Studio Version 17
VisualStudioVersion = 17.7.34024.191
MinimumVisualStudioVersion = 10.0.40219.1
Project("{FAE04EC0-301F-11D3-BF4B-00C04F79EFBC}") = "10.Methods_In_C#", "10.Methods_In_C#\10.Methods_In_C#.csproj", "{4ADB0F39-7E38-4462-A4C5-49B63A34FA57}"
EndProject
Global
	GlobalSection(SolutionConfigurationPlatforms) = preSolution
		Debug|Any CPU = Debug|Any CPU
		Release|Any CPU = Release|Any CPU
	EndGlobalSection
	GlobalSection(ProjectConfigurationPlatforms) = postSolution
		{4ADB0F39-7E38-4462-A4C5-49B63A34FA57}.Debug|Any CPU.ActiveCfg = Debug|Any CPU
		{4ADB0F39-7E38-4462-A4C5-49B63A34FA57}.Debug|Any CPU.Build.0 = Debug|Any CPU
		{4ADB0F39-7E38-4462-A4C5-49B63A34FA57}.Release|Any CPU.ActiveCfg = Release|Any CPU
		{4ADB0F39-7E38-4462-A4C5-49B63A34FA57}.Release|Any CPU.Build.0 = Release|Any CPU
	EndGlobalSection
	GlobalSection(SolutionProperties) = preSolution
		HideSolutionNode = FALSE
	EndGlobalSection
	GlobalSection(ExtensibilityGlobals) = postSolution
		SolutionGuid = {02DF05E1-A1A9-4B80-8F7B-070892EA49C2}
	EndGlobalSection
EndGlobal
